
Microsoft Visual Studio Solution File, Format Version 12.00
# Visual Studio Version 16
VisualStudioVersion = 16.0.31321.278
MinimumVisualStudioVersion = 10.0.40219.1
Project("{FAE04EC0-301F-11D3-BF4B-00C04F79EFBC}") = "NutritionCalculator", "NutritionCalculator.csproj", "{2F4C7E1D-8BCB-425F-94B5-0E6D29A737F3}"
EndProject
Global
	GlobalSection(SolutionConfigurationPlatforms) = preSolution
		Debug|Any CPU = Debug|Any CPU
		Release|Any CPU = Release|Any CPU
	EndGlobalSection
	GlobalSection(ProjectConfigurationPlatforms) = postSolution
		{2F4C7E1D-8BCB-425F-94B5-0E6D29A737F3}.Debug|Any CPU.ActiveCfg = Debug|Any CPU
		{2F4C7E1D-8BCB-425F-94B5-0E6D29A737F3}.Debug|Any CPU.Build.0 = Debug|Any CPU
		{2F4C7E1D-8BCB-425F-94B5-0E6D29A737F3}.Release|Any CPU.ActiveCfg = Release|Any CPU
		{2F4C7E1D-8BCB-425F-94B5-0E6D29A737F3}.Release|Any CPU.Build.0 = Release|Any CPU
	EndGlobalSection
	GlobalSection(SolutionProperties) = preSolution
		HideSolutionNode = FALSE
	EndGlobalSection
	GlobalSection(ExtensibilityGlobals) = postSolution
		SolutionGuid = {1E6F82F3-34DF-4FCD-96C4-6ECF42FAD656}
	EndGlobalSection
EndGlobal
